
Microsoft Visual Studio Solution File, Format Version 12.00
# Visual Studio Version 17
VisualStudioVersion = 17.3.32929.385
MinimumVisualStudioVersion = 10.0.40219.1
Project("{9A19103F-16F7-4668-BE54-9A1E7A4F7556}") = "ElcrumPokerBotDiscord", "ElcrumPokerBotDiscord.csproj", "{D4597634-4825-4FF2-B01A-1FA954265E5A}"
EndProject
Project("{9A19103F-16F7-4668-BE54-9A1E7A4F7556}") = "DiscordBot_MAUI", "..\DiscordBot_MAUI\DiscordBot_MAUI.csproj", "{2B54F332-5514-4E62-B2EF-6002B4DD68FD}"
EndProject
Global
	GlobalSection(SolutionConfigurationPlatforms) = preSolution
		Debug|Any CPU = Debug|Any CPU
		Release|Any CPU = Release|Any CPU
	EndGlobalSection
	GlobalSection(ProjectConfigurationPlatforms) = postSolution
		{D4597634-4825-4FF2-B01A-1FA954265E5A}.Debug|Any CPU.ActiveCfg = Debug|Any CPU
		{D4597634-4825-4FF2-B01A-1FA954265E5A}.Debug|Any CPU.Build.0 = Debug|Any CPU
		{D4597634-4825-4FF2-B01A-1FA954265E5A}.Release|Any CPU.ActiveCfg = Release|Any CPU
		{D4597634-4825-4FF2-B01A-1FA954265E5A}.Release|Any CPU.Build.0 = Release|Any CPU
		{2B54F332-5514-4E62-B2EF-6002B4DD68FD}.Debug|Any CPU.ActiveCfg = Release|Any CPU
		{2B54F332-5514-4E62-B2EF-6002B4DD68FD}.Release|Any CPU.ActiveCfg = Release|Any CPU
		{2B54F332-5514-4E62-B2EF-6002B4DD68FD}.Release|Any CPU.Build.0 = Release|Any CPU
		{2B54F332-5514-4E62-B2EF-6002B4DD68FD}.Release|Any CPU.Deploy.0 = Release|Any CPU
	EndGlobalSection
	GlobalSection(SolutionProperties) = preSolution
		HideSolutionNode = FALSE
	EndGlobalSection
	GlobalSection(ExtensibilityGlobals) = postSolution
		SolutionGuid = {5D7FB2F5-38CB-44A9-8176-5BF48D646DD9}
	EndGlobalSection
EndGlobal
